
Microsoft Visual Studio Solution File, Format Version 12.00
# Visual Studio Version 16
VisualStudioVersion = 16.0.31729.503
MinimumVisualStudioVersion = 10.0.40219.1
Project("{9A19103F-16F7-4668-BE54-9A1E7A4F7556}") = "PlanMedProf.Module", "PlanMedProf.Module\PlanMedProf.Module.csproj", "{9611E49B-694E-4978-B10B-81A16D1E3F48}"
EndProject
Project("{9A19103F-16F7-4668-BE54-9A1E7A4F7556}") = "PlanMedProf.Module.Win", "PlanMedProf.Module.Win\PlanMedProf.Module.Win.csproj", "{109719ED-8100-427F-BF1F-EA95D823D1DA}"
EndProject
Project("{9A19103F-16F7-4668-BE54-9A1E7A4F7556}") = "PlanMedProf.Win", "PlanMedProf.Win\PlanMedProf.Win.csproj", "{D307C7C5-4D8B-4263-8682-C9CB6D672706}"
EndProject
Project("{9A19103F-16F7-4668-BE54-9A1E7A4F7556}") = "PlanMedProf.Module.Blazor", "PlanMedProf.Module.Blazor\PlanMedProf.Module.Blazor.csproj", "{F275281D-86F4-4271-9335-B4C3EFD86254}"
EndProject
Project("{9A19103F-16F7-4668-BE54-9A1E7A4F7556}") = "PlanMedProf.Blazor.Server", "PlanMedProf.Blazor.Server\PlanMedProf.Blazor.Server.csproj", "{922B37BE-F233-4E83-B843-AE5D1DF97F9F}"
EndProject
Global
	GlobalSection(SolutionConfigurationPlatforms) = preSolution
		Debug|Any CPU = Debug|Any CPU
		Release|Any CPU = Release|Any CPU
	EndGlobalSection
	GlobalSection(ProjectConfigurationPlatforms) = postSolution
		{9611E49B-694E-4978-B10B-81A16D1E3F48}.Debug|Any CPU.ActiveCfg = Debug|Any CPU
		{9611E49B-694E-4978-B10B-81A16D1E3F48}.Debug|Any CPU.Build.0 = Debug|Any CPU
		{9611E49B-694E-4978-B10B-81A16D1E3F48}.Release|Any CPU.ActiveCfg = Release|Any CPU
		{9611E49B-694E-4978-B10B-81A16D1E3F48}.Release|Any CPU.Build.0 = Release|Any CPU
		{109719ED-8100-427F-BF1F-EA95D823D1DA}.Debug|Any CPU.ActiveCfg = Debug|Any CPU
		{109719ED-8100-427F-BF1F-EA95D823D1DA}.Debug|Any CPU.Build.0 = Debug|Any CPU
		{109719ED-8100-427F-BF1F-EA95D823D1DA}.Release|Any CPU.ActiveCfg = Release|Any CPU
		{109719ED-8100-427F-BF1F-EA95D823D1DA}.Release|Any CPU.Build.0 = Release|Any CPU
		{D307C7C5-4D8B-4263-8682-C9CB6D672706}.Debug|Any CPU.ActiveCfg = Debug|Any CPU
		{D307C7C5-4D8B-4263-8682-C9CB6D672706}.Debug|Any CPU.Build.0 = Debug|Any CPU
		{D307C7C5-4D8B-4263-8682-C9CB6D672706}.Release|Any CPU.ActiveCfg = Release|Any CPU
		{D307C7C5-4D8B-4263-8682-C9CB6D672706}.Release|Any CPU.Build.0 = Release|Any CPU
		{F275281D-86F4-4271-9335-B4C3EFD86254}.Debug|Any CPU.ActiveCfg = Debug|Any CPU
		{F275281D-86F4-4271-9335-B4C3EFD86254}.Debug|Any CPU.Build.0 = Debug|Any CPU
		{F275281D-86F4-4271-9335-B4C3EFD86254}.Release|Any CPU.ActiveCfg = Release|Any CPU
		{F275281D-86F4-4271-9335-B4C3EFD86254}.Release|Any CPU.Build.0 = Release|Any CPU
		{922B37BE-F233-4E83-B843-AE5D1DF97F9F}.Debug|Any CPU.ActiveCfg = Debug|Any CPU
		{922B37BE-F233-4E83-B843-AE5D1DF97F9F}.Debug|Any CPU.Build.0 = Debug|Any CPU
		{922B37BE-F233-4E83-B843-AE5D1DF97F9F}.Release|Any CPU.ActiveCfg = Release|Any CPU
		{922B37BE-F233-4E83-B843-AE5D1DF97F9F}.Release|Any CPU.Build.0 = Release|Any CPU
	EndGlobalSection
	GlobalSection(SolutionProperties) = preSolution
		HideSolutionNode = FALSE
	EndGlobalSection
	GlobalSection(ExtensibilityGlobals) = postSolution
		SolutionGuid = {9EE5B479-363C-49B7-B42B-6227A7CA9A26}
	EndGlobalSection
EndGlobal
